// !$*UTF8*$!
{
	archiveVersion = 1;
	classes = {
	};
	objectVersion = 50;
	objects = {

/* Begin PBXBuildFile section */
		9693ED26211994DA002C111F /* AppDelegate.m in Sources */ = {isa = PBXBuildFile; fileRef = 9693ED25211994DA002C111F /* AppDelegate.m */; };
		9693ED29211994DA002C111F /* ViewController.m in Sources */ = {isa = PBXBuildFile; fileRef = 9693ED28211994DA002C111F /* ViewController.m */; };
		9693ED2C211994DA002C111F /* Main.storyboard in Resources */ = {isa = PBXBuildFile; fileRef = 9693ED2A211994DA002C111F /* Main.storyboard */; };
		9693ED2E211994DD002C111F /* Assets.xcassets in Resources */ = {isa = PBXBuildFile; fileRef = 9693ED2D211994DD002C111F /* Assets.xcassets */; };
		9693ED31211994DD002C111F /* LaunchScreen.storyboard in Resources */ = {isa = PBXBuildFile; fileRef = 9693ED2F211994DD002C111F /* LaunchScreen.storyboard */; };
		9693ED34211994DD002C111F /* main.m in Sources */ = {isa = PBXBuildFile; fileRef = 9693ED33211994DD002C111F /* main.m */; };
		9693ED3E211994DD002C111F /* DDTableViewDelegateTests.m in Sources */ = {isa = PBXBuildFile; fileRef = 9693ED3D211994DD002C111F /* DDTableViewDelegateTests.m */; };
		9693ED49211994DD002C111F /* DDTableViewDelegateUITests.m in Sources */ = {isa = PBXBuildFile; fileRef = 9693ED48211994DD002C111F /* DDTableViewDelegateUITests.m */; };
		9693ED5921199515002C111F /* DDTableViewDelegate.m in Sources */ = {isa = PBXBuildFile; fileRef = 9693ED5821199515002C111F /* DDTableViewDelegate.m */; };
		9693ED5C211995D4002C111F /* UITableViewCell+DDExtension.m in Sources */ = {isa = PBXBuildFile; fileRef = 9693ED5B211995D4002C111F /* UITableViewCell+DDExtension.m */; };
		9693ED5F21199CC3002C111F /* DDTableListItem.m in Sources */ = {isa = PBXBuildFile; fileRef = 9693ED5E21199CC3002C111F /* DDTableListItem.m */; };
/* End PBXBuildFile section */

/* Begin PBXContainerItemProxy section */
		9693ED3A211994DD002C111F /* PBXContainerItemProxy */ = {
			isa = PBXContainerItemProxy;
			containerPortal = 9693ED19211994DA002C111F /* Project object */;
			proxyType = 1;
			remoteGlobalIDString = 9693ED20211994DA002C111F;
			remoteInfo = DDTableViewDelegate;
		};
		9693ED45211994DD002C111F /* PBXContainerItemProxy */ = {
			isa = PBXContainerItemProxy;
			containerPortal = 9693ED19211994DA002C111F /* Project object */;
			proxyType = 1;
			remoteGlobalIDString = 9693ED20211994DA002C111F;
			remoteInfo = DDTableViewDelegate;
		};
/* End PBXContainerItemProxy section */

/* Begin PBXFileReference section */
		9693ED21211994DA002C111F /* DDTableViewDelegate.app */ = {isa = PBXFileReference; explicitFileType = wrapper.application; includeInIndex = 0; path = DDTableViewDelegate.app; sourceTree = BUILT_PRODUCTS_DIR; };
		9693ED24211994DA002C111F /* AppDelegate.h */ = {isa = PBXFileReference; lastKnownFileType = sourcecode.c.h; path = AppDelegate.h; sourceTree = "<group>"; };
		9693ED25211994DA002C111F /* AppDelegate.m */ = {isa = PBXFileReference; lastKnownFileType = sourcecode.c.objc; path = AppDelegate.m; sourceTree = "<group>"; };
		9693ED27211994DA002C111F /* ViewController.h */ = {isa = PBXFileReference; lastKnownFileType = sourcecode.c.h; path = ViewController.h; sourceTree = "<group>"; };
		9693ED28211994DA002C111F /* ViewController.m */ = {isa = PBXFileReference; lastKnownFileType = sourcecode.c.objc; path = ViewController.m; sourceTree = "<group>"; };
		9693ED2B211994DA002C111F /* Base */ = {isa = PBXFileReference; lastKnownFileType = file.storyboard; name = Base; path = Base.lproj/Main.storyboard; sourceTree = "<group>"; };
		9693ED2D211994DD002C111F /* Assets.xcassets */ = {isa = PBXFileReference; lastKnownFileType = folder.assetcatalog; path = Assets.xcassets; sourceTree = "<group>"; };
		9693ED30211994DD002C111F /* Base */ = {isa = PBXFileReference; lastKnownFileType = file.storyboard; name = Base; path = Base.lproj/LaunchScreen.storyboard; sourceTree = "<group>"; };
		9693ED32211994DD002C111F /* Info.plist */ = {isa = PBXFileReference; lastKnownFileType = text.plist.xml; path = Info.plist; sourceTree = "<group>"; };
		9693ED33211994DD002C111F /* main.m */ = {isa = PBXFileReference; lastKnownFileType = sourcecode.c.objc; path = main.m; sourceTree = "<group>"; };
		9693ED39211994DD002C111F /* DDTableViewDelegateTests.xctest */ = {isa = PBXFileReference; explicitFileType = wrapper.cfbundle; includeInIndex = 0; path = DDTableViewDelegateTests.xctest; sourceTree = BUILT_PRODUCTS_DIR; };
		9693ED3D211994DD002C111F /* DDTableViewDelegateTests.m */ = {isa = PBXFileReference; lastKnownFileType = sourcecode.c.objc; path = DDTableViewDelegateTests.m; sourceTree = "<group>"; };
		9693ED3F211994DD002C111F /* Info.plist */ = {isa = PBXFileReference; lastKnownFileType = text.plist.xml; path = Info.plist; sourceTree = "<group>"; };
		9693ED44211994DD002C111F /* DDTableViewDelegateUITests.xctest */ = {isa = PBXFileReference; explicitFileType = wrapper.cfbundle; includeInIndex = 0; path = DDTableViewDelegateUITests.xctest; sourceTree = BUILT_PRODUCTS_DIR; };
		9693ED48211994DD002C111F /* DDTableViewDelegateUITests.m */ = {isa = PBXFileReference; lastKnownFileType = sourcecode.c.objc; path = DDTableViewDelegateUITests.m; sourceTree = "<group>"; };
		9693ED4A211994DD002C111F /* Info.plist */ = {isa = PBXFileReference; lastKnownFileType = text.plist.xml; path = Info.plist; sourceTree = "<group>"; };
		9693ED5721199515002C111F /* DDTableViewDelegate.h */ = {isa = PBXFileReference; lastKnownFileType = sourcecode.c.h; path = DDTableViewDelegate.h; sourceTree = "<group>"; };
		9693ED5821199515002C111F /* DDTableViewDelegate.m */ = {isa = PBXFileReference; lastKnownFileType = sourcecode.c.objc; path = DDTableViewDelegate.m; sourceTree = "<group>"; };
		9693ED5A211995D4002C111F /* UITableViewCell+DDExtension.h */ = {isa = PBXFileReference; lastKnownFileType = sourcecode.c.h; path = "UITableViewCell+DDExtension.h"; sourceTree = "<group>"; };
		9693ED5B211995D4002C111F /* UITableViewCell+DDExtension.m */ = {isa = PBXFileReference; lastKnownFileType = sourcecode.c.objc; path = "UITableViewCell+DDExtension.m"; sourceTree = "<group>"; };
		9693ED5D21199CC3002C111F /* DDTableListItem.h */ = {isa = PBXFileReference; lastKnownFileType = sourcecode.c.h; path = DDTableListItem.h; sourceTree = "<group>"; };
		9693ED5E21199CC3002C111F /* DDTableListItem.m */ = {isa = PBXFileReference; lastKnownFileType = sourcecode.c.objc; path = DDTableListItem.m; sourceTree = "<group>"; };
/* End PBXFileReference section */

/* Begin PBXFrameworksBuildPhase section */
		9693ED1E211994DA002C111F /* Frameworks */ = {
			isa = PBXFrameworksBuildPhase;
			buildActionMask = 2147483647;
			files = (
			);
			runOnlyForDeploymentPostprocessing = 0;
		};
		9693ED36211994DD002C111F /* Frameworks */ = {
			isa = PBXFrameworksBuildPhase;
			buildActionMask = 2147483647;
			files = (
			);
			runOnlyForDeploymentPostprocessing = 0;
		};
		9693ED41211994DD002C111F /* Frameworks */ = {
			isa = PBXFrameworksBuildPhase;
			buildActionMask = 2147483647;
			files = (
			);
			runOnlyForDeploymentPostprocessing = 0;
		};
/* End PBXFrameworksBuildPhase section */

/* Begin PBXGroup section */
		9693ED18211994DA002C111F = {
			isa = PBXGroup;
			children = (
				9693ED23211994DA002C111F /* DDTableViewDelegate */,
				9693ED3C211994DD002C111F /* DDTableViewDelegateTests */,
				9693ED47211994DD002C111F /* DDTableViewDelegateUITests */,
				9693ED22211994DA002C111F /* Products */,
			);
			sourceTree = "<group>";
		};
		9693ED22211994DA002C111F /* Products */ = {
			isa = PBXGroup;
			children = (
				9693ED21211994DA002C111F /* DDTableViewDelegate.app */,
				9693ED39211994DD002C111F /* DDTableViewDelegateTests.xctest */,
				9693ED44211994DD002C111F /* DDTableViewDelegateUITests.xctest */,
			);
			name = Products;
			sourceTree = "<group>";
		};
		9693ED23211994DA002C111F /* DDTableViewDelegate */ = {
			isa = PBXGroup;
			children = (
				9693ED56211994F8002C111F /* DDTableViewDelegate */,
				9693ED24211994DA002C111F /* AppDelegate.h */,
				9693ED25211994DA002C111F /* AppDelegate.m */,
				9693ED27211994DA002C111F /* ViewController.h */,
				9693ED28211994DA002C111F /* ViewController.m */,
				9693ED2A211994DA002C111F /* Main.storyboard */,
				9693ED2D211994DD002C111F /* Assets.xcassets */,
				9693ED2F211994DD002C111F /* LaunchScreen.storyboard */,
				9693ED32211994DD002C111F /* Info.plist */,
				9693ED33211994DD002C111F /* main.m */,
			);
			path = DDTableViewDelegate;
			sourceTree = "<group>";
		};
		9693ED3C211994DD002C111F /* DDTableViewDelegateTests */ = {
			isa = PBXGroup;
			children = (
				9693ED3D211994DD002C111F /* DDTableViewDelegateTests.m */,
				9693ED3F211994DD002C111F /* Info.plist */,
			);
			path = DDTableViewDelegateTests;
			sourceTree = "<group>";
		};
		9693ED47211994DD002C111F /* DDTableViewDelegateUITests */ = {
			isa = PBXGroup;
			children = (
				9693ED48211994DD002C111F /* DDTableViewDelegateUITests.m */,
				9693ED4A211994DD002C111F /* Info.plist */,
			);
			path = DDTableViewDelegateUITests;
			sourceTree = "<group>";
		};
		9693ED56211994F8002C111F /* DDTableViewDelegate */ = {
			isa = PBXGroup;
			children = (
				9693ED5721199515002C111F /* DDTableViewDelegate.h */,
				9693ED5821199515002C111F /* DDTableViewDelegate.m */,
				9693ED5A211995D4002C111F /* UITableViewCell+DDExtension.h */,
				9693ED5B211995D4002C111F /* UITableViewCell+DDExtension.m */,
				9693ED5D21199CC3002C111F /* DDTableListItem.h */,
				9693ED5E21199CC3002C111F /* DDTableListItem.m */,
			);
			path = DDTableViewDelegate;
			sourceTree = "<group>";
		};
/* End PBXGroup section */

/* Begin PBXNativeTarget section */
		9693ED20211994DA002C111F /* DDTableViewDelegate */ = {
			isa = PBXNativeTarget;
			buildConfigurationList = 9693ED4D211994DD002C111F /* Build configuration list for PBXNativeTarget "DDTableViewDelegate" */;
			buildPhases = (
				9693ED1D211994DA002C111F /* Sources */,
				9693ED1E211994DA002C111F /* Frameworks */,
				9693ED1F211994DA002C111F /* Resources */,
			);
			buildRules = (
			);
			dependencies = (
			);
			name = DDTableViewDelegate;
			productName = DDTableViewDelegate;
			productReference = 9693ED21211994DA002C111F /* DDTableViewDelegate.app */;
			productType = "com.apple.product-type.application";
		};
		9693ED38211994DD002C111F /* DDTableViewDelegateTests */ = {
			isa = PBXNativeTarget;
			buildConfigurationList = 9693ED50211994DD002C111F /* Build configuration list for PBXNativeTarget "DDTableViewDelegateTests" */;
			buildPhases = (
				9693ED35211994DD002C111F /* Sources */,
				9693ED36211994DD002C111F /* Frameworks */,
				9693ED37211994DD002C111F /* Resources */,
			);
			buildRules = (
			);
			dependencies = (
				9693ED3B211994DD002C111F /* PBXTargetDependency */,
			);
			name = DDTableViewDelegateTests;
			productName = DDTableViewDelegateTests;
			productReference = 9693ED39211994DD002C111F /* DDTableViewDelegateTests.xctest */;
			productType = "com.apple.product-type.bundle.unit-test";
		};
		9693ED43211994DD002C111F /* DDTableViewDelegateUITests */ = {
			isa = PBXNativeTarget;
			buildConfigurationList = 9693ED53211994DD002C111F /* Build configuration list for PBXNativeTarget "DDTableViewDelegateUITests" */;
			buildPhases = (
				9693ED40211994DD002C111F /* Sources */,
				9693ED41211994DD002C111F /* Frameworks */,
				9693ED42211994DD002C111F /* Resources */,
			);
			buildRules = (
			);
			dependencies = (
				9693ED46211994DD002C111F /* PBXTargetDependency */,
			);
			name = DDTableViewDelegateUITests;
			productName = DDTableViewDelegateUITests;
			productReference = 9693ED44211994DD002C111F /* DDTableViewDelegateUITests.xctest */;
			productType = "com.apple.product-type.bundle.ui-testing";
		};
/* End PBXNativeTarget section */

/* Begin PBXProject section */
		9693ED19211994DA002C111F /* Project object */ = {
			isa = PBXProject;
			attributes = {
				LastUpgradeCheck = 0940;
				ORGANIZATIONNAME = RY004;
				TargetAttributes = {
					9693ED20211994DA002C111F = {
						CreatedOnToolsVersion = 9.4.1;
					};
					9693ED38211994DD002C111F = {
						CreatedOnToolsVersion = 9.4.1;
						TestTargetID = 9693ED20211994DA002C111F;
					};
					9693ED43211994DD002C111F = {
						CreatedOnToolsVersion = 9.4.1;
						TestTargetID = 9693ED20211994DA002C111F;
					};
				};
			};
			buildConfigurationList = 9693ED1C211994DA002C111F /* Build configuration list for PBXProject "DDTableViewDelegate" */;
			compatibilityVersion = "Xcode 9.3";
			developmentRegion = en;
			hasScannedForEncodings = 0;
			knownRegions = (
				en,
				Base,
			);
			mainGroup = 9693ED18211994DA002C111F;
			productRefGroup = 9693ED22211994DA002C111F /* Products */;
			projectDirPath = "";
			projectRoot = "";
			targets = (
				9693ED20211994DA002C111F /* DDTableViewDelegate */,
				9693ED38211994DD002C111F /* DDTableViewDelegateTests */,
				9693ED43211994DD002C111F /* DDTableViewDelegateUITests */,
			);
		};
/* End PBXProject section */

/* Begin PBXResourcesBuildPhase section */
		9693ED1F211994DA002C111F /* Resources */ = {
			isa = PBXResourcesBuildPhase;
			buildActionMask = 2147483647;
			files = (
				9693ED31211994DD002C111F /* LaunchScreen.storyboard in Resources */,
				9693ED2E211994DD002C111F /* Assets.xcassets in Resources */,
				9693ED2C211994DA002C111F /* Main.storyboard in Resources */,
			);
			runOnlyForDeploymentPostprocessing = 0;
		};
		9693ED37211994DD002C111F /* Resources */ = {
			isa = PBXResourcesBuildPhase;
			buildActionMask = 2147483647;
			files = (
			);
			runOnlyForDeploymentPostprocessing = 0;
		};
		9693ED42211994DD002C111F /* Resources */ = {
			isa = PBXResourcesBuildPhase;
			buildActionMask = 2147483647;
			files = (
			);
			runOnlyForDeploymentPostprocessing = 0;
		};
/* End PBXResourcesBuildPhase section */

/* Begin PBXSourcesBuildPhase section */
		9693ED1D211994DA002C111F /* Sources */ = {
			isa = PBXSourcesBuildPhase;
			buildActionMask = 2147483647;
			files = (
				9693ED29211994DA002C111F /* ViewController.m in Sources */,
				9693ED5F21199CC3002C111F /* DDTableListItem.m in Sources */,
				9693ED34211994DD002C111F /* main.m in Sources */,
				9693ED5921199515002C111F /* DDTableViewDelegate.m in Sources */,
				9693ED5C211995D4002C111F /* UITableViewCell+DDExtension.m in Sources */,
				9693ED26211994DA002C111F /* AppDelegate.m in Sources */,
			);
			runOnlyForDeploymentPostprocessing = 0;
		};
		9693ED35211994DD002C111F /* Sources */ = {
			isa = PBXSourcesBuildPhase;
			buildActionMask = 2147483647;
			files = (
				9693ED3E211994DD002C111F /* DDTableViewDelegateTests.m in Sources */,
			);
			runOnlyForDeploymentPostprocessing = 0;
		};
		9693ED40211994DD002C111F /* Sources */ = {
			isa = PBXSourcesBuildPhase;
			buildActionMask = 2147483647;
			files = (
				9693ED49211994DD002C111F /* DDTableViewDelegateUITests.m in Sources */,
			);
			runOnlyForDeploymentPostprocessing = 0;
		};
/* End PBXSourcesBuildPhase section */

/* Begin PBXTargetDependency section */
		9693ED3B211994DD002C111F /* PBXTargetDependency */ = {
			isa = PBXTargetDependency;
			target = 9693ED20211994DA002C111F /* DDTableViewDelegate */;
			targetProxy = 9693ED3A211994DD002C111F /* PBXContainerItemProxy */;
		};
		9693ED46211994DD002C111F /* PBXTargetDependency */ = {
			isa = PBXTargetDependency;
			target = 9693ED20211994DA002C111F /* DDTableViewDelegate */;
			targetProxy = 9693ED45211994DD002C111F /* PBXContainerItemProxy */;
		};
/* End PBXTargetDependency section */

/* Begin PBXVariantGroup section */
		9693ED2A211994DA002C111F /* Main.storyboard */ = {
			isa = PBXVariantGroup;
			children = (
				9693ED2B211994DA002C111F /* Base */,
			);
			name = Main.storyboard;
			sourceTree = "<group>";
		};
		9693ED2F211994DD002C111F /* LaunchScreen.storyboard */ = {
			isa = PBXVariantGroup;
			children = (
				9693ED30211994DD002C111F /* Base */,
			);
			name = LaunchScreen.storyboard;
			sourceTree = "<group>";
		};
/* End PBXVariantGroup section */

/* Begin XCBuildConfiguration section */
		9693ED4B211994DD002C111F /* Debug */ = {
			isa = XCBuildConfiguration;
			buildSettings = {
				ALWAYS_SEARCH_USER_PATHS = NO;
				CLANG_ANALYZER_NONNULL = YES;
				CLANG_ANALYZER_NUMBER_OBJECT_CONVERSION = YES_AGGRESSIVE;
				CLANG_CXX_LANGUAGE_STANDARD = "gnu++14";
				CLANG_CXX_LIBRARY = "libc++";
				CLANG_ENABLE_MODULES = YES;
				CLANG_ENABLE_OBJC_ARC = YES;
				CLANG_ENABLE_OBJC_WEAK = YES;
				CLANG_WARN_BLOCK_CAPTURE_AUTORELEASING = YES;
				CLANG_WARN_BOOL_CONVERSION = YES;
				CLANG_WARN_COMMA = YES;
				CLANG_WARN_CONSTANT_CONVERSION = YES;
				CLANG_WARN_DEPRECATED_OBJC_IMPLEMENTATIONS = YES;
				CLANG_WARN_DIRECT_OBJC_ISA_USAGE = YES_ERROR;
				CLANG_WARN_DOCUMENTATION_COMMENTS = YES;
				CLANG_WARN_EMPTY_BODY = YES;
				CLANG_WARN_ENUM_CONVERSION = YES;
				CLANG_WARN_INFINITE_RECURSION = YES;
				CLANG_WARN_INT_CONVERSION = YES;
				CLANG_WARN_NON_LITERAL_NULL_CONVERSION = YES;
				CLANG_WARN_OBJC_IMPLICIT_RETAIN_SELF = YES;
				CLANG_WARN_OBJC_LITERAL_CONVERSION = YES;
				CLANG_WARN_OBJC_ROOT_CLASS = YES_ERROR;
				CLANG_WARN_RANGE_LOOP_ANALYSIS = YES;
				CLANG_WARN_STRICT_PROTOTYPES = YES;
				CLANG_WARN_SUSPICIOUS_MOVE = YES;
				CLANG_WARN_UNGUARDED_AVAILABILITY = YES_AGGRESSIVE;
				CLANG_WARN_UNREACHABLE_CODE = YES;
				CLANG_WARN__DUPLICATE_METHOD_MATCH = YES;
				CODE_SIGN_IDENTITY = "iPhone Developer";
				COPY_PHASE_STRIP = NO;
				DEBUG_INFORMATION_FORMAT = dwarf;
				ENABLE_STRICT_OBJC_MSGSEND = YES;
				ENABLE_TESTABILITY = YES;
				GCC_C_LANGUAGE_STANDARD = gnu11;
				GCC_DYNAMIC_NO_PIC = NO;
				GCC_NO_COMMON_BLOCKS = YES;
				GCC_OPTIMIZATION_LEVEL = 0;
				GCC_PREPROCESSOR_DEFINITIONS = (
					"DEBUG=1",
					"$(inherited)",
				);
				GCC_WARN_64_TO_32_BIT_CONVERSION = YES;
				GCC_WARN_ABOUT_RETURN_TYPE = YES_ERROR;
				GCC_WARN_UNDECLARED_SELECTOR = YES;
				GCC_WARN_UNINITIALIZED_AUTOS = YES_AGGRESSIVE;
				GCC_WARN_UNUSED_FUNCTION = YES;
				GCC_WARN_UNUSED_VARIABLE = YES;
				IPHONEOS_DEPLOYMENT_TARGET = 11.4;
				MTL_ENABLE_DEBUG_INFO = YES;
				ONLY_ACTIVE_ARCH = YES;
				SDKROOT = iphoneos;
			};
			name = Debug;
		};
		9693ED4C211994DD002C111F /* Release */ = {
			isa = XCBuildConfiguration;
			buildSettings = {
				ALWAYS_SEARCH_USER_PATHS = NO;
				CLANG_ANALYZER_NONNULL = YES;
				CLANG_ANALYZER_NUMBER_OBJECT_CONVERSION = YES_AGGRESSIVE;
				CLANG_CXX_LANGUAGE_STANDARD = "gnu++14";
				CLANG_CXX_LIBRARY = "libc++";
				CLANG_ENABLE_MODULES = YES;
				CLANG_ENABLE_OBJC_ARC = YES;
				CLANG_ENABLE_OBJC_WEAK = YES;
				CLANG_WARN_BLOCK_CAPTURE_AUTORELEASING = YES;
				CLANG_WARN_BOOL_CONVERSION = YES;
				CLANG_WARN_COMMA = YES;
				CLANG_WARN_CONSTANT_CONVERSION = YES;
				CLANG_WARN_DEPRECATED_OBJC_IMPLEMENTATIONS = YES;
				CLANG_WARN_DIRECT_OBJC_ISA_USAGE = YES_ERROR;
				CLANG_WARN_DOCUMENTATION_COMMENTS = YES;
				CLANG_WARN_EMPTY_BODY = YES;
				CLANG_WARN_ENUM_CONVERSION = YES;
				CLANG_WARN_INFINITE_RECURSION = YES;
				CLANG_WARN_INT_CONVERSION = YES;
				CLANG_WARN_NON_LITERAL_NULL_CONVERSION = YES;
				CLANG_WARN_OBJC_IMPLICIT_RETAIN_SELF = YES;
				CLANG_WARN_OBJC_LITERAL_CONVERSION = YES;
				CLANG_WARN_OBJC_ROOT_CLASS = YES_ERROR;
				CLANG_WARN_RANGE_LOOP_ANALYSIS = YES;
				CLANG_WARN_STRICT_PROTOTYPES = YES;
				CLANG_WARN_SUSPICIOUS_MOVE = YES;
				CLANG_WARN_UNGUARDED_AVAILABILITY = YES_AGGRESSIVE;
				CLANG_WARN_UNREACHABLE_CODE = YES;
				CLANG_WARN__DUPLICATE_METHOD_MATCH = YES;
				CODE_SIGN_IDENTITY = "iPhone Developer";
				COPY_PHASE_STRIP = NO;
				DEBUG_INFORMATION_FORMAT = "dwarf-with-dsym";
				ENABLE_NS_ASSERTIONS = NO;
				ENABLE_STRICT_OBJC_MSGSEND = YES;
				GCC_C_LANGUAGE_STANDARD = gnu11;
				GCC_NO_COMMON_BLOCKS = YES;
				GCC_WARN_64_TO_32_BIT_CONVERSION = YES;
				GCC_WARN_ABOUT_RETURN_TYPE = YES_ERROR;
				GCC_WARN_UNDECLARED_SELECTOR = YES;
				GCC_WARN_UNINITIALIZED_AUTOS = YES_AGGRESSIVE;
				GCC_WARN_UNUSED_FUNCTION = YES;
				GCC_WARN_UNUSED_VARIABLE = YES;
				IPHONEOS_DEPLOYMENT_TARGET = 11.4;
				MTL_ENABLE_DEBUG_INFO = NO;
				SDKROOT = iphoneos;
				VALIDATE_PRODUCT = YES;
			};
			name = Release;
		};
		9693ED4E211994DD002C111F /* Debug */ = {
			isa = XCBuildConfiguration;
			buildSettings = {
				ASSETCATALOG_COMPILER_APPICON_NAME = AppIcon;
				CODE_SIGN_STYLE = Automatic;
				INFOPLIST_FILE = DDTableViewDelegate/Info.plist;
				LD_RUNPATH_SEARCH_PATHS = (
					"$(inherited)",
					"@executable_path/Frameworks",
				);
				PRODUCT_BUNDLE_IDENTIFIER = com.5v5.DDTableViewDelegate;
				PRODUCT_NAME = "$(TARGET_NAME)";
				TARGETED_DEVICE_FAMILY = "1,2";
			};
			name = Debug;
		};
		9693ED4F211994DD002C111F /* Release */ = {
			isa = XCBuildConfiguration;
			buildSettings = {
				ASSETCATALOG_COMPILER_APPICON_NAME = AppIcon;
				CODE_SIGN_STYLE = Automatic;
				INFOPLIST_FILE = DDTableViewDelegate/Info.plist;
				LD_RUNPATH_SEARCH_PATHS = (
					"$(inherited)",
					"@executable_path/Frameworks",
				);
				PRODUCT_BUNDLE_IDENTIFIER = com.5v5.DDTableViewDelegate;
				PRODUCT_NAME = "$(TARGET_NAME)";
				TARGETED_DEVICE_FAMILY = "1,2";
			};
			name = Release;
		};
		9693ED51211994DD002C111F /* Debug */ = {
			isa = XCBuildConfiguration;
			buildSettings = {
				BUNDLE_LOADER = "$(TEST_HOST)";
				CODE_SIGN_STYLE = Automatic;
				INFOPLIST_FILE = DDTableViewDelegateTests/Info.plist;
				LD_RUNPATH_SEARCH_PATHS = (
					"$(inherited)",
					"@executable_path/Frameworks",
					"@loader_path/Frameworks",
				);
				PRODUCT_BUNDLE_IDENTIFIER = com.5v5.DDTableViewDelegateTests;
				PRODUCT_NAME = "$(TARGET_NAME)";
				TARGETED_DEVICE_FAMILY = "1,2";
				TEST_HOST = "$(BUILT_PRODUCTS_DIR)/DDTableViewDelegate.app/DDTableViewDelegate";
			};
			name = Debug;
		};
		9693ED52211994DD002C111F /* Release */ = {
			isa = XCBuildConfiguration;
			buildSettings = {
				BUNDLE_LOADER = "$(TEST_HOST)";
				CODE_SIGN_STYLE = Automatic;
				INFOPLIST_FILE = DDTableViewDelegateTests/Info.plist;
				LD_RUNPATH_SEARCH_PATHS = (
					"$(inherited)",
					"@executable_path/Frameworks",
					"@loader_path/Frameworks",
				);
				PRODUCT_BUNDLE_IDENTIFIER = com.5v5.DDTableViewDelegateTests;
				PRODUCT_NAME = "$(TARGET_NAME)";
				TARGETED_DEVICE_FAMILY = "1,2";
				TEST_HOST = "$(BUILT_PRODUCTS_DIR)/DDTableViewDelegate.app/DDTableViewDelegate";
			};
			name = Release;
		};
		9693ED54211994DD002C111F /* Debug */ = {
			isa = XCBuildConfiguration;
			buildSettings = {
				CODE_SIGN_STYLE = Automatic;
				INFOPLIST_FILE = DDTableViewDelegateUITests/Info.plist;
				LD_RUNPATH_SEARCH_PATHS = (
					"$(inherited)",
					"@executable_path/Frameworks",
					"@loader_path/Frameworks",
				);
				PRODUCT_BUNDLE_IDENTIFIER = com.5v5.DDTableViewDelegateUITests;
				PRODUCT_NAME = "$(TARGET_NAME)";
				TARGETED_DEVICE_FAMILY = "1,2";
				TEST_TARGET_NAME = DDTableViewDelegate;
			};
			name = Debug;
		};
		9693ED55211994DD002C111F /* Release */ = {
			isa = XCBuildConfiguration;
			buildSettings = {
				CODE_SIGN_STYLE = Automatic;
				INFOPLIST_FILE = DDTableViewDelegateUITests/Info.plist;
				LD_RUNPATH_SEARCH_PATHS = (
					"$(inherited)",
					"@executable_path/Frameworks",
					"@loader_path/Frameworks",
				);
				PRODUCT_BUNDLE_IDENTIFIER = com.5v5.DDTableViewDelegateUITests;
				PRODUCT_NAME = "$(TARGET_NAME)";
				TARGETED_DEVICE_FAMILY = "1,2";
				TEST_TARGET_NAME = DDTableViewDelegate;
			};
			name = Release;
		};
/* End XCBuildConfiguration section */

/* Begin XCConfigurationList section */
		9693ED1C211994DA002C111F /* Build configuration list for PBXProject "DDTableViewDelegate" */ = {
			isa = XCConfigurationList;
			buildConfigurations = (
				9693ED4B211994DD002C111F /* Debug */,
				9693ED4C211994DD002C111F /* Release */,
			);
			defaultConfigurationIsVisible = 0;
			defaultConfigurationName = Release;
		};
		9693ED4D211994DD002C111F /* Build configuration list for PBXNativeTarget "DDTableViewDelegate" */ = {
			isa = XCConfigurationList;
			buildConfigurations = (
				9693ED4E211994DD002C111F /* Debug */,
				9693ED4F211994DD002C111F /* Release */,
			);
			defaultConfigurationIsVisible = 0;
			defaultConfigurationName = Release;
		};
		9693ED50211994DD002C111F /* Build configuration list for PBXNativeTarget "DDTableViewDelegateTests" */ = {
			isa = XCConfigurationList;
			buildConfigurations = (
				9693ED51211994DD002C111F /* Debug */,
				9693ED52211994DD002C111F /* Release */,
			);
			defaultConfigurationIsVisible = 0;
			defaultConfigurationName = Release;
		};
		9693ED53211994DD002C111F /* Build configuration list for PBXNativeTarget "DDTableViewDelegateUITests" */ = {
			isa = XCConfigurationList;
			buildConfigurations = (
				9693ED54211994DD002C111F /* Debug */,
				9693ED55211994DD002C111F /* Release */,
			);
			defaultConfigurationIsVisible = 0;
			defaultConfigurationName = Release;
		};
/* End XCConfigurationList section */
	};
	rootObject = 9693ED19211994DA002C111F /* Project object */;
}
